
Microsoft Visual Studio Solution File, Format Version 12.00
# Visual Studio Version 17
VisualStudioVersion = 17.9.34723.18
MinimumVisualStudioVersion = 10.0.40219.1
Project("{FAE04EC0-301F-11D3-BF4B-00C04F79EFBC}") = "CustomizeBootstrap", "CustomizeBootstrap\CustomizeBootstrap.csproj", "{9063F2AD-3844-4F34-B865-BC3A97C3E61A}"
EndProject
Global
	GlobalSection(SolutionConfigurationPlatforms) = preSolution
		Debug|Any CPU = Debug|Any CPU
		Release|Any CPU = Release|Any CPU
	EndGlobalSection
	GlobalSection(ProjectConfigurationPlatforms) = postSolution
		{9063F2AD-3844-4F34-B865-BC3A97C3E61A}.Debug|Any CPU.ActiveCfg = Debug|Any CPU
		{9063F2AD-3844-4F34-B865-BC3A97C3E61A}.Debug|Any CPU.Build.0 = Debug|Any CPU
		{9063F2AD-3844-4F34-B865-BC3A97C3E61A}.Release|Any CPU.ActiveCfg = Release|Any CPU
		{9063F2AD-3844-4F34-B865-BC3A97C3E61A}.Release|Any CPU.Build.0 = Release|Any CPU
	EndGlobalSection
	GlobalSection(SolutionProperties) = preSolution
		HideSolutionNode = FALSE
	EndGlobalSection
	GlobalSection(ExtensibilityGlobals) = postSolution
		SolutionGuid = {ED52CEE5-B811-49FE-976E-001719003895}
	EndGlobalSection
EndGlobal
